
Microsoft Visual Studio Solution File, Format Version 12.00
# Visual Studio Version 16
VisualStudioVersion = 16.0.30611.23
MinimumVisualStudioVersion = 15.0.26124.0
Project("{FAE04EC0-301F-11D3-BF4B-00C04F79EFBC}") = "Snezhana_8.Objects", "Objects/Snezhana_8.Objects.csproj", "ff32a408-2b3c-4f34-9549-7feb7c606de6"
EndProject
Project("{FAE04EC0-301F-11D3-BF4B-00C04F79EFBC}") = "Snezhana_8.Tests", "Tests/Snezhana_8.Tests.csproj", "c5d99924-da90-4ba7-8ae6-381286230cc0"
EndProject
Project("{FAE04EC0-301F-11D3-BF4B-00C04F79EFBC}") = "Snezhana_8.ODataBackend", "ODataBackend/Snezhana_8.ODataBackend.csproj", "a493b1ed-07be-4e6e-a2c4-f69cd16b9073"
EndProject
Project("{FAE04EC0-301F-11D3-BF4B-00C04F79EFBC}") = "Snezhana_8.IntegrationTests", "IntegrationTests/Snezhana_8.IntegrationTests.csproj", "80882e51-71e4-4ff7-aba0-f09d68e23d65"
EndProject
Global
	GlobalSection(SolutionConfigurationPlatforms) = preSolution
Debug|Any CPU = Debug|Any CPU
Release|Any CPU = Release|Any CPU
	EndGlobalSection
	GlobalSection(ProjectConfigurationPlatforms) = postSolution
		ff32a408-2b3c-4f34-9549-7feb7c606de6.Debug|Any CPU.ActiveCfg = Debug|Any CPU
		ff32a408-2b3c-4f34-9549-7feb7c606de6.Debug|Any CPU.Build.0 = Debug|Any CPU
		ff32a408-2b3c-4f34-9549-7feb7c606de6.Release|Any CPU.ActiveCfg = Release|Any CPU
		ff32a408-2b3c-4f34-9549-7feb7c606de6.Release|Any CPU.Build.0 = Release|Any CPU
		c5d99924-da90-4ba7-8ae6-381286230cc0.Debug|Any CPU.ActiveCfg = Debug|Any CPU
		c5d99924-da90-4ba7-8ae6-381286230cc0.Debug|Any CPU.Build.0 = Debug|Any CPU
		c5d99924-da90-4ba7-8ae6-381286230cc0.Release|Any CPU.ActiveCfg = Release|Any CPU
		c5d99924-da90-4ba7-8ae6-381286230cc0.Release|Any CPU.Build.0 = Release|Any CPU
		a493b1ed-07be-4e6e-a2c4-f69cd16b9073.Debug|Any CPU.ActiveCfg = Debug|Any CPU
		a493b1ed-07be-4e6e-a2c4-f69cd16b9073.Debug|Any CPU.Build.0 = Debug|Any CPU
		a493b1ed-07be-4e6e-a2c4-f69cd16b9073.Release|Any CPU.ActiveCfg = Release|Any CPU
		a493b1ed-07be-4e6e-a2c4-f69cd16b9073.Release|Any CPU.Build.0 = Release|Any CPU
		80882e51-71e4-4ff7-aba0-f09d68e23d65.Debug|Any CPU.ActiveCfg = Debug|Any CPU
		80882e51-71e4-4ff7-aba0-f09d68e23d65.Debug|Any CPU.Build.0 = Debug|Any CPU
		80882e51-71e4-4ff7-aba0-f09d68e23d65.Release|Any CPU.ActiveCfg = Release|Any CPU
		80882e51-71e4-4ff7-aba0-f09d68e23d65.Release|Any CPU.Build.0 = Release|Any CPU
	EndGlobalSection
	GlobalSection(SolutionProperties) = preSolution
		HideSolutionNode = FALSE
	EndGlobalSection
EndGlobal
